{
  "requires": true,
  "lockfileVersion": 1,
  "dependencies": {
    "jquery": {
      "version": "3.3.1",
      "resolved": "https://registry.npmjs.org/jquery/-/jquery-3.3.1.tgz",
      "integrity": "sha512-Ubldcmxp5np52/ENotGxlLe6aGMvmF4R8S6tZjsP6Knsaxd/xp3Zrh50cG93lR6nPXyUFwzN3ZSOQI0wRJNdGg=="
    },
    "jquery-simplyscroll": {
      "version": "2.1.1",
      "resolved": "https://registry.npmjs.org/jquery-simplyscroll/-/jquery-simplyscroll-2.1.1.tgz",
      "integrity": "sha1-hX1Hen5Tk+sX5N4ydh1hnS9ycz4=",
      "requires": {
        "jquery": "3.3.1"
      }
    }
  }
}
